// !$*UTF8*$!
{
	archiveVersion = 1;
	classes = {
	};
	objectVersion = 56;
	objects = {

/* Begin PBXBuildFile section */
		E43005AB299BA40500495DFA /* MainViewPresenter.swift in Sources */ = {isa = PBXBuildFile; fileRef = E43005AA299BA40500495DFA /* MainViewPresenter.swift */; };
		E43005AE299BAC7C00495DFA /* Assembly.swift in Sources */ = {isa = PBXBuildFile; fileRef = E43005AD299BAC7C00495DFA /* Assembly.swift */; };
		E4CB7DAE2995109600E1B5AE /* AppDelegate.swift in Sources */ = {isa = PBXBuildFile; fileRef = E4CB7DAD2995109600E1B5AE /* AppDelegate.swift */; };
		E4CB7DB02995109600E1B5AE /* SceneDelegate.swift in Sources */ = {isa = PBXBuildFile; fileRef = E4CB7DAF2995109600E1B5AE /* SceneDelegate.swift */; };
		E4CB7DB22995109600E1B5AE /* MainViewController.swift in Sources */ = {isa = PBXBuildFile; fileRef = E4CB7DB12995109600E1B5AE /* MainViewController.swift */; };
		E4CB7DB72995109800E1B5AE /* Assets.xcassets in Resources */ = {isa = PBXBuildFile; fileRef = E4CB7DB62995109800E1B5AE /* Assets.xcassets */; };
		E4CB7DBA2995109800E1B5AE /* LaunchScreen.storyboard in Resources */ = {isa = PBXBuildFile; fileRef = E4CB7DB82995109800E1B5AE /* LaunchScreen.storyboard */; };
		E4D5ECBE2999B1CD00999088 /* Constants.swift in Sources */ = {isa = PBXBuildFile; fileRef = E4D5ECBD2999B1CD00999088 /* Constants.swift */; };
		E4D5ECC32999B21D00999088 /* SFProDisplay-Medium.ttf in Resources */ = {isa = PBXBuildFile; fileRef = E4D5ECC02999B21D00999088 /* SFProDisplay-Medium.ttf */; };
		E4D5ECC42999B21D00999088 /* SFProDisplay-Regular.ttf in Resources */ = {isa = PBXBuildFile; fileRef = E4D5ECC12999B21D00999088 /* SFProDisplay-Regular.ttf */; };
		E4D5ECC52999B21D00999088 /* SFProDisplay-Bold.ttf in Resources */ = {isa = PBXBuildFile; fileRef = E4D5ECC22999B21D00999088 /* SFProDisplay-Bold.ttf */; };
		E4D5ECC72999B26500999088 /* InternshipSection.swift in Sources */ = {isa = PBXBuildFile; fileRef = E4D5ECC62999B26500999088 /* InternshipSection.swift */; };
		E4D5ECC92999B2C600999088 /* Direction.swift in Sources */ = {isa = PBXBuildFile; fileRef = E4D5ECC82999B2C600999088 /* Direction.swift */; };
		E4D5ECCC2999B35800999088 /* UILabel+.swift in Sources */ = {isa = PBXBuildFile; fileRef = E4D5ECCB2999B35800999088 /* UILabel+.swift */; };
		E4D5ECCE2999B38E00999088 /* SectionHeaderCollectionReusableView.swift in Sources */ = {isa = PBXBuildFile; fileRef = E4D5ECCD2999B38E00999088 /* SectionHeaderCollectionReusableView.swift */; };
		E4D5ECD02999B3BD00999088 /* DirectionCollectionViewCell.swift in Sources */ = {isa = PBXBuildFile; fileRef = E4D5ECCF2999B3BD00999088 /* DirectionCollectionViewCell.swift */; };
/* End PBXBuildFile section */

/* Begin PBXFileReference section */
		E43005AA299BA40500495DFA /* MainViewPresenter.swift */ = {isa = PBXFileReference; lastKnownFileType = sourcecode.swift; path = MainViewPresenter.swift; sourceTree = "<group>"; };
		E43005AD299BAC7C00495DFA /* Assembly.swift */ = {isa = PBXFileReference; lastKnownFileType = sourcecode.swift; name = Assembly.swift; path = AssemblyLayer/Assembly.swift; sourceTree = "<group>"; };
		E4CB7DAA2995109600E1B5AE /* TestTaskSurf.app */ = {isa = PBXFileReference; explicitFileType = wrapper.application; includeInIndex = 0; path = TestTaskSurf.app; sourceTree = BUILT_PRODUCTS_DIR; };
		E4CB7DAD2995109600E1B5AE /* AppDelegate.swift */ = {isa = PBXFileReference; lastKnownFileType = sourcecode.swift; name = AppDelegate.swift; path = Application/AppDelegate.swift; sourceTree = "<group>"; };
		E4CB7DAF2995109600E1B5AE /* SceneDelegate.swift */ = {isa = PBXFileReference; lastKnownFileType = sourcecode.swift; name = SceneDelegate.swift; path = Application/SceneDelegate.swift; sourceTree = "<group>"; };
		E4CB7DB12995109600E1B5AE /* MainViewController.swift */ = {isa = PBXFileReference; lastKnownFileType = sourcecode.swift; name = MainViewController.swift; path = View/MainViewController.swift; sourceTree = "<group>"; };
		E4CB7DB62995109800E1B5AE /* Assets.xcassets */ = {isa = PBXFileReference; lastKnownFileType = folder.assetcatalog; path = Assets.xcassets; sourceTree = "<group>"; };
		E4CB7DB92995109800E1B5AE /* Base */ = {isa = PBXFileReference; lastKnownFileType = file.storyboard; name = Base; path = Base.lproj/LaunchScreen.storyboard; sourceTree = "<group>"; };
		E4CB7DBB2995109800E1B5AE /* Info.plist */ = {isa = PBXFileReference; lastKnownFileType = text.plist.xml; name = Info.plist; path = Application/Info.plist; sourceTree = "<group>"; };
		E4D5ECBD2999B1CD00999088 /* Constants.swift */ = {isa = PBXFileReference; lastKnownFileType = sourcecode.swift; name = Constants.swift; path = Application/Constants.swift; sourceTree = "<group>"; };
		E4D5ECC02999B21D00999088 /* SFProDisplay-Medium.ttf */ = {isa = PBXFileReference; lastKnownFileType = file; name = "SFProDisplay-Medium.ttf"; path = "Fonts/SFProDisplay-Medium.ttf"; sourceTree = "<group>"; };
		E4D5ECC12999B21D00999088 /* SFProDisplay-Regular.ttf */ = {isa = PBXFileReference; lastKnownFileType = file; name = "SFProDisplay-Regular.ttf"; path = "Fonts/SFProDisplay-Regular.ttf"; sourceTree = "<group>"; };
		E4D5ECC22999B21D00999088 /* SFProDisplay-Bold.ttf */ = {isa = PBXFileReference; lastKnownFileType = file; name = "SFProDisplay-Bold.ttf"; path = "Fonts/SFProDisplay-Bold.ttf"; sourceTree = "<group>"; };
		E4D5ECC62999B26500999088 /* InternshipSection.swift */ = {isa = PBXFileReference; lastKnownFileType = sourcecode.swift; path = InternshipSection.swift; sourceTree = "<group>"; };
		E4D5ECC82999B2C600999088 /* Direction.swift */ = {isa = PBXFileReference; lastKnownFileType = sourcecode.swift; path = Direction.swift; sourceTree = "<group>"; };
		E4D5ECCB2999B35800999088 /* UILabel+.swift */ = {isa = PBXFileReference; lastKnownFileType = sourcecode.swift; path = "UILabel+.swift"; sourceTree = "<group>"; };
		E4D5ECCD2999B38E00999088 /* SectionHeaderCollectionReusableView.swift */ = {isa = PBXFileReference; lastKnownFileType = sourcecode.swift; path = SectionHeaderCollectionReusableView.swift; sourceTree = "<group>"; };
		E4D5ECCF2999B3BD00999088 /* DirectionCollectionViewCell.swift */ = {isa = PBXFileReference; lastKnownFileType = sourcecode.swift; path = DirectionCollectionViewCell.swift; sourceTree = "<group>"; };
/* End PBXFileReference section */

/* Begin PBXFrameworksBuildPhase section */
		E4CB7DA72995109600E1B5AE /* Frameworks */ = {
			isa = PBXFrameworksBuildPhase;
			buildActionMask = 2147483647;
			files = (
			);
			runOnlyForDeploymentPostprocessing = 0;
		};
/* End PBXFrameworksBuildPhase section */

/* Begin PBXGroup section */
		E43005AC299BAC5900495DFA /* AssemblyLayer */ = {
			isa = PBXGroup;
			children = (
				E43005AD299BAC7C00495DFA /* Assembly.swift */,
			);
			name = AssemblyLayer;
			sourceTree = "<group>";
		};
		E4CB7DA12995109600E1B5AE = {
			isa = PBXGroup;
			children = (
				E4CB7DAC2995109600E1B5AE /* TestTaskSurf */,
				E4CB7DAB2995109600E1B5AE /* Products */,
			);
			sourceTree = "<group>";
		};
		E4CB7DAB2995109600E1B5AE /* Products */ = {
			isa = PBXGroup;
			children = (
				E4CB7DAA2995109600E1B5AE /* TestTaskSurf.app */,
			);
			name = Products;
			sourceTree = "<group>";
		};
		E4CB7DAC2995109600E1B5AE /* TestTaskSurf */ = {
			isa = PBXGroup;
			children = (
				E4D5ECB52999B02200999088 /* Application */,
				E43005AC299BAC5900495DFA /* AssemblyLayer */,
				E4D5ECB62999B0C900999088 /* PresentationLayer */,
				E4D5ECCA2999B33200999088 /* Extensions */,
			);
			path = TestTaskSurf;
			sourceTree = "<group>";
		};
		E4D5ECB42999AE8100999088 /* Resources */ = {
			isa = PBXGroup;
			children = (
				E4D5ECBF2999B20000999088 /* Fonts */,
				E4CB7DB62995109800E1B5AE /* Assets.xcassets */,
			);
			name = Resources;
			path = Application/Resources;
			sourceTree = "<group>";
		};
		E4D5ECB52999B02200999088 /* Application */ = {
			isa = PBXGroup;
			children = (
				E4CB7DAD2995109600E1B5AE /* AppDelegate.swift */,
				E4CB7DAF2995109600E1B5AE /* SceneDelegate.swift */,
				E4D5ECBD2999B1CD00999088 /* Constants.swift */,
				E4CB7DB82995109800E1B5AE /* LaunchScreen.storyboard */,
				E4CB7DBB2995109800E1B5AE /* Info.plist */,
				E4D5ECB42999AE8100999088 /* Resources */,
			);
			name = Application;
			sourceTree = "<group>";
		};
		E4D5ECB62999B0C900999088 /* PresentationLayer */ = {
			isa = PBXGroup;
			children = (
				E4D5ECB72999B0E600999088 /* MainModule */,
			);
			name = PresentationLayer;
			sourceTree = "<group>";
		};
		E4D5ECB72999B0E600999088 /* MainModule */ = {
			isa = PBXGroup;
			children = (
				E4D5ECB82999B0FA00999088 /* Model */,
				E4D5ECB92999B10200999088 /* View */,
				E4D5ECBA2999B10A00999088 /* Presenter */,
			);
			name = MainModule;
			path = PresentationLayer/MainModule;
			sourceTree = "<group>";
		};
		E4D5ECB82999B0FA00999088 /* Model */ = {
			isa = PBXGroup;
			children = (
				E4D5ECC62999B26500999088 /* InternshipSection.swift */,
				E4D5ECC82999B2C600999088 /* Direction.swift */,
			);
			path = Model;
			sourceTree = "<group>";
		};
		E4D5ECB92999B10200999088 /* View */ = {
			isa = PBXGroup;
			children = (
				E4D5ECBB2999B19700999088 /* ComponentsView */,
				E4CB7DB12995109600E1B5AE /* MainViewController.swift */,
			);
			name = View;
			sourceTree = "<group>";
		};
		E4D5ECBA2999B10A00999088 /* Presenter */ = {
			isa = PBXGroup;
			children = (
				E43005AA299BA40500495DFA /* MainViewPresenter.swift */,
			);
			path = Presenter;
			sourceTree = "<group>";
		};
		E4D5ECBB2999B19700999088 /* ComponentsView */ = {
			isa = PBXGroup;
			children = (
				E4D5ECCD2999B38E00999088 /* SectionHeaderCollectionReusableView.swift */,
				E4D5ECCF2999B3BD00999088 /* DirectionCollectionViewCell.swift */,
			);
			name = ComponentsView;
			path = View/ComponentsView;
			sourceTree = "<group>";
		};
		E4D5ECBF2999B20000999088 /* Fonts */ = {
			isa = PBXGroup;
			children = (
				E4D5ECC22999B21D00999088 /* SFProDisplay-Bold.ttf */,
				E4D5ECC02999B21D00999088 /* SFProDisplay-Medium.ttf */,
				E4D5ECC12999B21D00999088 /* SFProDisplay-Regular.ttf */,
			);
			name = Fonts;
			sourceTree = "<group>";
		};
		E4D5ECCA2999B33200999088 /* Extensions */ = {
			isa = PBXGroup;
			children = (
				E4D5ECCB2999B35800999088 /* UILabel+.swift */,
			);
			path = Extensions;
			sourceTree = "<group>";
		};
/* End PBXGroup section */

/* Begin PBXNativeTarget section */
		E4CB7DA92995109600E1B5AE /* TestTaskSurf */ = {
			isa = PBXNativeTarget;
			buildConfigurationList = E4CB7DBE2995109800E1B5AE /* Build configuration list for PBXNativeTarget "TestTaskSurf" */;
			buildPhases = (
				E4CB7DA62995109600E1B5AE /* Sources */,
				E4CB7DA72995109600E1B5AE /* Frameworks */,
				E4CB7DA82995109600E1B5AE /* Resources */,
			);
			buildRules = (
			);
			dependencies = (
			);
			name = TestTaskSurf;
			productName = TestTaskSurf;
			productReference = E4CB7DAA2995109600E1B5AE /* TestTaskSurf.app */;
			productType = "com.apple.product-type.application";
		};
/* End PBXNativeTarget section */

/* Begin PBXProject section */
		E4CB7DA22995109600E1B5AE /* Project object */ = {
			isa = PBXProject;
			attributes = {
				BuildIndependentTargetsInParallel = 1;
				LastSwiftUpdateCheck = 1420;
				LastUpgradeCheck = 1420;
				TargetAttributes = {
					E4CB7DA92995109600E1B5AE = {
						CreatedOnToolsVersion = 14.2;
					};
				};
			};
			buildConfigurationList = E4CB7DA52995109600E1B5AE /* Build configuration list for PBXProject "TestTaskSurf" */;
			compatibilityVersion = "Xcode 14.0";
			developmentRegion = en;
			hasScannedForEncodings = 0;
			knownRegions = (
				en,
				Base,
			);
			mainGroup = E4CB7DA12995109600E1B5AE;
			productRefGroup = E4CB7DAB2995109600E1B5AE /* Products */;
			projectDirPath = "";
			projectRoot = "";
			targets = (
				E4CB7DA92995109600E1B5AE /* TestTaskSurf */,
			);
		};
/* End PBXProject section */

/* Begin PBXResourcesBuildPhase section */
		E4CB7DA82995109600E1B5AE /* Resources */ = {
			isa = PBXResourcesBuildPhase;
			buildActionMask = 2147483647;
			files = (
				E4CB7DBA2995109800E1B5AE /* LaunchScreen.storyboard in Resources */,
				E4CB7DB72995109800E1B5AE /* Assets.xcassets in Resources */,
				E4D5ECC52999B21D00999088 /* SFProDisplay-Bold.ttf in Resources */,
				E4D5ECC32999B21D00999088 /* SFProDisplay-Medium.ttf in Resources */,
				E4D5ECC42999B21D00999088 /* SFProDisplay-Regular.ttf in Resources */,
			);
			runOnlyForDeploymentPostprocessing = 0;
		};
/* End PBXResourcesBuildPhase section */

/* Begin PBXSourcesBuildPhase section */
		E4CB7DA62995109600E1B5AE /* Sources */ = {
			isa = PBXSourcesBuildPhase;
			buildActionMask = 2147483647;
			files = (
				E43005AE299BAC7C00495DFA /* Assembly.swift in Sources */,
				E4D5ECC72999B26500999088 /* InternshipSection.swift in Sources */,
				E4CB7DB22995109600E1B5AE /* MainViewController.swift in Sources */,
				E43005AB299BA40500495DFA /* MainViewPresenter.swift in Sources */,
				E4CB7DAE2995109600E1B5AE /* AppDelegate.swift in Sources */,
				E4CB7DB02995109600E1B5AE /* SceneDelegate.swift in Sources */,
				E4D5ECCE2999B38E00999088 /* SectionHeaderCollectionReusableView.swift in Sources */,
				E4D5ECCC2999B35800999088 /* UILabel+.swift in Sources */,
				E4D5ECD02999B3BD00999088 /* DirectionCollectionViewCell.swift in Sources */,
				E4D5ECBE2999B1CD00999088 /* Constants.swift in Sources */,
				E4D5ECC92999B2C600999088 /* Direction.swift in Sources */,
			);
			runOnlyForDeploymentPostprocessing = 0;
		};
/* End PBXSourcesBuildPhase section */

/* Begin PBXVariantGroup section */
		E4CB7DB82995109800E1B5AE /* LaunchScreen.storyboard */ = {
			isa = PBXVariantGroup;
			children = (
				E4CB7DB92995109800E1B5AE /* Base */,
			);
			name = LaunchScreen.storyboard;
			path = Application;
			sourceTree = "<group>";
		};
/* End PBXVariantGroup section */

/* Begin XCBuildConfiguration section */
		E4CB7DBC2995109800E1B5AE /* Debug */ = {
			isa = XCBuildConfiguration;
			buildSettings = {
				ALWAYS_SEARCH_USER_PATHS = NO;
				CLANG_ANALYZER_NONNULL = YES;
				CLANG_ANALYZER_NUMBER_OBJECT_CONVERSION = YES_AGGRESSIVE;
				CLANG_CXX_LANGUAGE_STANDARD = "gnu++20";
				CLANG_ENABLE_MODULES = YES;
				CLANG_ENABLE_OBJC_ARC = YES;
				CLANG_ENABLE_OBJC_WEAK = YES;
				CLANG_WARN_BLOCK_CAPTURE_AUTORELEASING = YES;
				CLANG_WARN_BOOL_CONVERSION = YES;
				CLANG_WARN_COMMA = YES;
				CLANG_WARN_CONSTANT_CONVERSION = YES;
				CLANG_WARN_DEPRECATED_OBJC_IMPLEMENTATIONS = YES;
				CLANG_WARN_DIRECT_OBJC_ISA_USAGE = YES_ERROR;
				CLANG_WARN_DOCUMENTATION_COMMENTS = YES;
				CLANG_WARN_EMPTY_BODY = YES;
				CLANG_WARN_ENUM_CONVERSION = YES;
				CLANG_WARN_INFINITE_RECURSION = YES;
				CLANG_WARN_INT_CONVERSION = YES;
				CLANG_WARN_NON_LITERAL_NULL_CONVERSION = YES;
				CLANG_WARN_OBJC_IMPLICIT_RETAIN_SELF = YES;
				CLANG_WARN_OBJC_LITERAL_CONVERSION = YES;
				CLANG_WARN_OBJC_ROOT_CLASS = YES_ERROR;
				CLANG_WARN_QUOTED_INCLUDE_IN_FRAMEWORK_HEADER = YES;
				CLANG_WARN_RANGE_LOOP_ANALYSIS = YES;
				CLANG_WARN_STRICT_PROTOTYPES = YES;
				CLANG_WARN_SUSPICIOUS_MOVE = YES;
				CLANG_WARN_UNGUARDED_AVAILABILITY = YES_AGGRESSIVE;
				CLANG_WARN_UNREACHABLE_CODE = YES;
				CLANG_WARN__DUPLICATE_METHOD_MATCH = YES;
				COPY_PHASE_STRIP = NO;
				DEBUG_INFORMATION_FORMAT = dwarf;
				ENABLE_STRICT_OBJC_MSGSEND = YES;
				ENABLE_TESTABILITY = YES;
				GCC_C_LANGUAGE_STANDARD = gnu11;
				GCC_DYNAMIC_NO_PIC = NO;
				GCC_NO_COMMON_BLOCKS = YES;
				GCC_OPTIMIZATION_LEVEL = 0;
				GCC_PREPROCESSOR_DEFINITIONS = (
					"DEBUG=1",
					"$(inherited)",
				);
				GCC_WARN_64_TO_32_BIT_CONVERSION = YES;
				GCC_WARN_ABOUT_RETURN_TYPE = YES_ERROR;
				GCC_WARN_UNDECLARED_SELECTOR = YES;
				GCC_WARN_UNINITIALIZED_AUTOS = YES_AGGRESSIVE;
				GCC_WARN_UNUSED_FUNCTION = YES;
				GCC_WARN_UNUSED_VARIABLE = YES;
				IPHONEOS_DEPLOYMENT_TARGET = 15.0;
				MTL_ENABLE_DEBUG_INFO = INCLUDE_SOURCE;
				MTL_FAST_MATH = YES;
				ONLY_ACTIVE_ARCH = YES;
				SDKROOT = iphoneos;
				SWIFT_ACTIVE_COMPILATION_CONDITIONS = DEBUG;
				SWIFT_OPTIMIZATION_LEVEL = "-Onone";
			};
			name = Debug;
		};
		E4CB7DBD2995109800E1B5AE /* Release */ = {
			isa = XCBuildConfiguration;
			buildSettings = {
				ALWAYS_SEARCH_USER_PATHS = NO;
				CLANG_ANALYZER_NONNULL = YES;
				CLANG_ANALYZER_NUMBER_OBJECT_CONVERSION = YES_AGGRESSIVE;
				CLANG_CXX_LANGUAGE_STANDARD = "gnu++20";
				CLANG_ENABLE_MODULES = YES;
				CLANG_ENABLE_OBJC_ARC = YES;
				CLANG_ENABLE_OBJC_WEAK = YES;
				CLANG_WARN_BLOCK_CAPTURE_AUTORELEASING = YES;
				CLANG_WARN_BOOL_CONVERSION = YES;
				CLANG_WARN_COMMA = YES;
				CLANG_WARN_CONSTANT_CONVERSION = YES;
				CLANG_WARN_DEPRECATED_OBJC_IMPLEMENTATIONS = YES;
				CLANG_WARN_DIRECT_OBJC_ISA_USAGE = YES_ERROR;
				CLANG_WARN_DOCUMENTATION_COMMENTS = YES;
				CLANG_WARN_EMPTY_BODY = YES;
				CLANG_WARN_ENUM_CONVERSION = YES;
				CLANG_WARN_INFINITE_RECURSION = YES;
				CLANG_WARN_INT_CONVERSION = YES;
				CLANG_WARN_NON_LITERAL_NULL_CONVERSION = YES;
				CLANG_WARN_OBJC_IMPLICIT_RETAIN_SELF = YES;
				CLANG_WARN_OBJC_LITERAL_CONVERSION = YES;
				CLANG_WARN_OBJC_ROOT_CLASS = YES_ERROR;
				CLANG_WARN_QUOTED_INCLUDE_IN_FRAMEWORK_HEADER = YES;
				CLANG_WARN_RANGE_LOOP_ANALYSIS = YES;
				CLANG_WARN_STRICT_PROTOTYPES = YES;
				CLANG_WARN_SUSPICIOUS_MOVE = YES;
				CLANG_WARN_UNGUARDED_AVAILABILITY = YES_AGGRESSIVE;
				CLANG_WARN_UNREACHABLE_CODE = YES;
				CLANG_WARN__DUPLICATE_METHOD_MATCH = YES;
				COPY_PHASE_STRIP = NO;
				DEBUG_INFORMATION_FORMAT = "dwarf-with-dsym";
				ENABLE_NS_ASSERTIONS = NO;
				ENABLE_STRICT_OBJC_MSGSEND = YES;
				GCC_C_LANGUAGE_STANDARD = gnu11;
				GCC_NO_COMMON_BLOCKS = YES;
				GCC_WARN_64_TO_32_BIT_CONVERSION = YES;
				GCC_WARN_ABOUT_RETURN_TYPE = YES_ERROR;
				GCC_WARN_UNDECLARED_SELECTOR = YES;
				GCC_WARN_UNINITIALIZED_AUTOS = YES_AGGRESSIVE;
				GCC_WARN_UNUSED_FUNCTION = YES;
				GCC_WARN_UNUSED_VARIABLE = YES;
				IPHONEOS_DEPLOYMENT_TARGET = 15.0;
				MTL_ENABLE_DEBUG_INFO = NO;
				MTL_FAST_MATH = YES;
				SDKROOT = iphoneos;
				SWIFT_COMPILATION_MODE = wholemodule;
				SWIFT_OPTIMIZATION_LEVEL = "-O";
				VALIDATE_PRODUCT = YES;
			};
			name = Release;
		};
		E4CB7DBF2995109800E1B5AE /* Debug */ = {
			isa = XCBuildConfiguration;
			buildSettings = {
				ASSETCATALOG_COMPILER_APPICON_NAME = AppIcon;
				ASSETCATALOG_COMPILER_GLOBAL_ACCENT_COLOR_NAME = AccentColor;
				CODE_SIGN_STYLE = Automatic;
				CURRENT_PROJECT_VERSION = 1;
				DEVELOPMENT_TEAM = MV29L5KM63;
				GENERATE_INFOPLIST_FILE = YES;
				INFOPLIST_FILE = TestTaskSurf/Application/Info.plist;
				INFOPLIST_KEY_UIApplicationSupportsIndirectInputEvents = YES;
				INFOPLIST_KEY_UILaunchStoryboardName = LaunchScreen;
				INFOPLIST_KEY_UISupportedInterfaceOrientations = UIInterfaceOrientationPortrait;
				IPHONEOS_DEPLOYMENT_TARGET = 15.0;
				LD_RUNPATH_SEARCH_PATHS = (
					"$(inherited)",
					"@executable_path/Frameworks",
				);
				MARKETING_VERSION = 1.0;
				PRODUCT_BUNDLE_IDENTIFIER = Denisyuk.TestTaskSurf;
				PRODUCT_NAME = "$(TARGET_NAME)";
				SWIFT_EMIT_LOC_STRINGS = YES;
				SWIFT_VERSION = 5.0;
				TARGETED_DEVICE_FAMILY = "1,2";
			};
			name = Debug;
		};
		E4CB7DC02995109800E1B5AE /* Release */ = {
			isa = XCBuildConfiguration;
			buildSettings = {
				ASSETCATALOG_COMPILER_APPICON_NAME = AppIcon;
				ASSETCATALOG_COMPILER_GLOBAL_ACCENT_COLOR_NAME = AccentColor;
				CODE_SIGN_STYLE = Automatic;
				CURRENT_PROJECT_VERSION = 1;
				DEVELOPMENT_TEAM = MV29L5KM63;
				GENERATE_INFOPLIST_FILE = YES;
				INFOPLIST_FILE = TestTaskSurf/Application/Info.plist;
				INFOPLIST_KEY_UIApplicationSupportsIndirectInputEvents = YES;
				INFOPLIST_KEY_UILaunchStoryboardName = LaunchScreen;
				INFOPLIST_KEY_UISupportedInterfaceOrientations = UIInterfaceOrientationPortrait;
				IPHONEOS_DEPLOYMENT_TARGET = 15.0;
				LD_RUNPATH_SEARCH_PATHS = (
					"$(inherited)",
					"@executable_path/Frameworks",
				);
				MARKETING_VERSION = 1.0;
				PRODUCT_BUNDLE_IDENTIFIER = Denisyuk.TestTaskSurf;
				PRODUCT_NAME = "$(TARGET_NAME)";
				SWIFT_EMIT_LOC_STRINGS = YES;
				SWIFT_VERSION = 5.0;
				TARGETED_DEVICE_FAMILY = "1,2";
			};
			name = Release;
		};
/* End XCBuildConfiguration section */

/* Begin XCConfigurationList section */
		E4CB7DA52995109600E1B5AE /* Build configuration list for PBXProject "TestTaskSurf" */ = {
			isa = XCConfigurationList;
			buildConfigurations = (
				E4CB7DBC2995109800E1B5AE /* Debug */,
				E4CB7DBD2995109800E1B5AE /* Release */,
			);
			defaultConfigurationIsVisible = 0;
			defaultConfigurationName = Release;
		};
		E4CB7DBE2995109800E1B5AE /* Build configuration list for PBXNativeTarget "TestTaskSurf" */ = {
			isa = XCConfigurationList;
			buildConfigurations = (
				E4CB7DBF2995109800E1B5AE /* Debug */,
				E4CB7DC02995109800E1B5AE /* Release */,
			);
			defaultConfigurationIsVisible = 0;
			defaultConfigurationName = Release;
		};
/* End XCConfigurationList section */
	};
	rootObject = E4CB7DA22995109600E1B5AE /* Project object */;
}
